
Microsoft Visual Studio Solution File, Format Version 12.00
# Visual Studio 15
VisualStudioVersion = 15.0.26730.16
MinimumVisualStudioVersion = 10.0.40219.1
Project("{FAE04EC0-301F-11D3-BF4B-00C04F79EFBC}") = "StealthyGame", "StealthyGame\StealthyGame.csproj", "{5F00C6D8-DA26-4DE0-9304-D9CF6E6664FB}"
EndProject
Project("{FAE04EC0-301F-11D3-BF4B-00C04F79EFBC}") = "StealthyGame.Engine", "StealthyGame.Engine\StealthyGame.Engine.csproj", "{93634A5E-419D-4B74-9B4C-FD7D25C4E4C5}"
EndProject
Project("{FAE04EC0-301F-11D3-BF4B-00C04F79EFBC}") = "StealthyGame.Editors.Animations", "StealthyGame.Editors.Animations\StealthyGame.Editors.Animations.csproj", "{0D0FB4EF-A662-4BF0-B180-9FAB54B4C69B}"
EndProject
Project("{FAE04EC0-301F-11D3-BF4B-00C04F79EFBC}") = "StealthyGame.LightTesting", "StealthyGame.LightTesting\StealthyGame.LightTesting.csproj", "{1A213A0E-459C-4252-BA1C-448C3552371E}"
EndProject
Project("{FAE04EC0-301F-11D3-BF4B-00C04F79EFBC}") = "StealthyGame.Wordpress", "StealthyGame.Wordpress\StealthyGame.Wordpress.csproj", "{165ED487-BB6F-4283-BDD3-EE3146EFCD75}"
EndProject
Project("{FAE04EC0-301F-11D3-BF4B-00C04F79EFBC}") = "FoolinAround", "FoolinAround\FoolinAround.csproj", "{6B3E6110-1F70-466A-9B71-0EE3ED00B11A}"
EndProject
Project("{FAE04EC0-301F-11D3-BF4B-00C04F79EFBC}") = "StealthyGame.Engine.OpenTK", "ClassLibrary1\StealthyGame.Engine.OpenTK.csproj", "{A010D389-81AF-47A9-9E89-BFCFC0C9A09C}"
EndProject
Project("{FAE04EC0-301F-11D3-BF4B-00C04F79EFBC}") = "StealthyGame.OpenTK", "StealthyGame.OpenTK\StealthyGame.OpenTK.csproj", "{CC5D69B9-AE88-4955-8715-46DDD9385EC5}"
EndProject
Project("{FAE04EC0-301F-11D3-BF4B-00C04F79EFBC}") = "TestiTest", "TestiTest\TestiTest.csproj", "{05AFB9D3-2CBD-4B62-B3AD-5C0450E282E4}"
EndProject
Project("{FAE04EC0-301F-11D3-BF4B-00C04F79EFBC}") = "StealthyGame.Engine.UI.Core", "StealthyGame.Engine.UI\StealthyGame.Engine.UI.Core.csproj", "{DC4C99D8-12F1-49A7-BE4C-7F07E5A3EB4F}"
EndProject
Project("{FAE04EC0-301F-11D3-BF4B-00C04F79EFBC}") = "StealthyGame.Engine.UI.Engine", "StealthyGame.Engine.UI.Engine\StealthyGame.Engine.UI.Engine.csproj", "{56BAD39F-9DA2-49D0-BC55-B9A945047708}"
EndProject
Global
	GlobalSection(SolutionConfigurationPlatforms) = preSolution
		Debug|Any CPU = Debug|Any CPU
		Debug|x64 = Debug|x64
		Debug|x86 = Debug|x86
		Release|Any CPU = Release|Any CPU
		Release|x64 = Release|x64
		Release|x86 = Release|x86
	EndGlobalSection
	GlobalSection(ProjectConfigurationPlatforms) = postSolution
		{5F00C6D8-DA26-4DE0-9304-D9CF6E6664FB}.Debug|Any CPU.ActiveCfg = Debug|Any CPU
		{5F00C6D8-DA26-4DE0-9304-D9CF6E6664FB}.Debug|Any CPU.Build.0 = Debug|Any CPU
		{5F00C6D8-DA26-4DE0-9304-D9CF6E6664FB}.Debug|x64.ActiveCfg = Debug|x64
		{5F00C6D8-DA26-4DE0-9304-D9CF6E6664FB}.Debug|x64.Build.0 = Debug|x64
		{5F00C6D8-DA26-4DE0-9304-D9CF6E6664FB}.Debug|x86.ActiveCfg = Debug|x86
		{5F00C6D8-DA26-4DE0-9304-D9CF6E6664FB}.Debug|x86.Build.0 = Debug|x86
		{5F00C6D8-DA26-4DE0-9304-D9CF6E6664FB}.Release|Any CPU.ActiveCfg = Release|x86
		{5F00C6D8-DA26-4DE0-9304-D9CF6E6664FB}.Release|x64.ActiveCfg = Release|x64
		{5F00C6D8-DA26-4DE0-9304-D9CF6E6664FB}.Release|x64.Build.0 = Release|x64
		{5F00C6D8-DA26-4DE0-9304-D9CF6E6664FB}.Release|x86.ActiveCfg = Release|x86
		{5F00C6D8-DA26-4DE0-9304-D9CF6E6664FB}.Release|x86.Build.0 = Release|x86
		{93634A5E-419D-4B74-9B4C-FD7D25C4E4C5}.Debug|Any CPU.ActiveCfg = Debug|Any CPU
		{93634A5E-419D-4B74-9B4C-FD7D25C4E4C5}.Debug|Any CPU.Build.0 = Debug|Any CPU
		{93634A5E-419D-4B74-9B4C-FD7D25C4E4C5}.Debug|x64.ActiveCfg = Debug|Any CPU
		{93634A5E-419D-4B74-9B4C-FD7D25C4E4C5}.Debug|x64.Build.0 = Debug|Any CPU
		{93634A5E-419D-4B74-9B4C-FD7D25C4E4C5}.Debug|x86.ActiveCfg = Debug|Any CPU
		{93634A5E-419D-4B74-9B4C-FD7D25C4E4C5}.Debug|x86.Build.0 = Debug|Any CPU
		{93634A5E-419D-4B74-9B4C-FD7D25C4E4C5}.Release|Any CPU.ActiveCfg = Release|Any CPU
		{93634A5E-419D-4B74-9B4C-FD7D25C4E4C5}.Release|Any CPU.Build.0 = Release|Any CPU
		{93634A5E-419D-4B74-9B4C-FD7D25C4E4C5}.Release|x64.ActiveCfg = Release|Any CPU
		{93634A5E-419D-4B74-9B4C-FD7D25C4E4C5}.Release|x64.Build.0 = Release|Any CPU
		{93634A5E-419D-4B74-9B4C-FD7D25C4E4C5}.Release|x86.ActiveCfg = Release|Any CPU
		{93634A5E-419D-4B74-9B4C-FD7D25C4E4C5}.Release|x86.Build.0 = Release|Any CPU
		{0D0FB4EF-A662-4BF0-B180-9FAB54B4C69B}.Debug|Any CPU.ActiveCfg = Debug|Any CPU
		{0D0FB4EF-A662-4BF0-B180-9FAB54B4C69B}.Debug|Any CPU.Build.0 = Debug|Any CPU
		{0D0FB4EF-A662-4BF0-B180-9FAB54B4C69B}.Debug|x64.ActiveCfg = Debug|Any CPU
		{0D0FB4EF-A662-4BF0-B180-9FAB54B4C69B}.Debug|x64.Build.0 = Debug|Any CPU
		{0D0FB4EF-A662-4BF0-B180-9FAB54B4C69B}.Debug|x86.ActiveCfg = Debug|Any CPU
		{0D0FB4EF-A662-4BF0-B180-9FAB54B4C69B}.Debug|x86.Build.0 = Debug|Any CPU
		{0D0FB4EF-A662-4BF0-B180-9FAB54B4C69B}.Release|Any CPU.ActiveCfg = Release|Any CPU
		{0D0FB4EF-A662-4BF0-B180-9FAB54B4C69B}.Release|Any CPU.Build.0 = Release|Any CPU
		{0D0FB4EF-A662-4BF0-B180-9FAB54B4C69B}.Release|x64.ActiveCfg = Release|Any CPU
		{0D0FB4EF-A662-4BF0-B180-9FAB54B4C69B}.Release|x64.Build.0 = Release|Any CPU
		{0D0FB4EF-A662-4BF0-B180-9FAB54B4C69B}.Release|x86.ActiveCfg = Release|Any CPU
		{0D0FB4EF-A662-4BF0-B180-9FAB54B4C69B}.Release|x86.Build.0 = Release|Any CPU
		{1A213A0E-459C-4252-BA1C-448C3552371E}.Debug|Any CPU.ActiveCfg = Debug|x86
		{1A213A0E-459C-4252-BA1C-448C3552371E}.Debug|x64.ActiveCfg = Debug|x86
		{1A213A0E-459C-4252-BA1C-448C3552371E}.Debug|x86.ActiveCfg = Debug|x86
		{1A213A0E-459C-4252-BA1C-448C3552371E}.Debug|x86.Build.0 = Debug|x86
		{1A213A0E-459C-4252-BA1C-448C3552371E}.Release|Any CPU.ActiveCfg = Release|x86
		{1A213A0E-459C-4252-BA1C-448C3552371E}.Release|x64.ActiveCfg = Release|x86
		{1A213A0E-459C-4252-BA1C-448C3552371E}.Release|x86.ActiveCfg = Release|x86
		{1A213A0E-459C-4252-BA1C-448C3552371E}.Release|x86.Build.0 = Release|x86
		{165ED487-BB6F-4283-BDD3-EE3146EFCD75}.Debug|Any CPU.ActiveCfg = Debug|x86
		{165ED487-BB6F-4283-BDD3-EE3146EFCD75}.Debug|x64.ActiveCfg = Debug|x86
		{165ED487-BB6F-4283-BDD3-EE3146EFCD75}.Debug|x86.ActiveCfg = Debug|x86
		{165ED487-BB6F-4283-BDD3-EE3146EFCD75}.Debug|x86.Build.0 = Debug|x86
		{165ED487-BB6F-4283-BDD3-EE3146EFCD75}.Release|Any CPU.ActiveCfg = Release|x86
		{165ED487-BB6F-4283-BDD3-EE3146EFCD75}.Release|x64.ActiveCfg = Release|x86
		{165ED487-BB6F-4283-BDD3-EE3146EFCD75}.Release|x86.ActiveCfg = Release|x86
		{165ED487-BB6F-4283-BDD3-EE3146EFCD75}.Release|x86.Build.0 = Release|x86
		{6B3E6110-1F70-466A-9B71-0EE3ED00B11A}.Debug|Any CPU.ActiveCfg = Debug|Any CPU
		{6B3E6110-1F70-466A-9B71-0EE3ED00B11A}.Debug|Any CPU.Build.0 = Debug|Any CPU
		{6B3E6110-1F70-466A-9B71-0EE3ED00B11A}.Debug|x64.ActiveCfg = Debug|Any CPU
		{6B3E6110-1F70-466A-9B71-0EE3ED00B11A}.Debug|x64.Build.0 = Debug|Any CPU
		{6B3E6110-1F70-466A-9B71-0EE3ED00B11A}.Debug|x86.ActiveCfg = Debug|Any CPU
		{6B3E6110-1F70-466A-9B71-0EE3ED00B11A}.Debug|x86.Build.0 = Debug|Any CPU
		{6B3E6110-1F70-466A-9B71-0EE3ED00B11A}.Release|Any CPU.ActiveCfg = Release|Any CPU
		{6B3E6110-1F70-466A-9B71-0EE3ED00B11A}.Release|Any CPU.Build.0 = Release|Any CPU
		{6B3E6110-1F70-466A-9B71-0EE3ED00B11A}.Release|x64.ActiveCfg = Release|Any CPU
		{6B3E6110-1F70-466A-9B71-0EE3ED00B11A}.Release|x64.Build.0 = Release|Any CPU
		{6B3E6110-1F70-466A-9B71-0EE3ED00B11A}.Release|x86.ActiveCfg = Release|Any CPU
		{6B3E6110-1F70-466A-9B71-0EE3ED00B11A}.Release|x86.Build.0 = Release|Any CPU
		{A010D389-81AF-47A9-9E89-BFCFC0C9A09C}.Debug|Any CPU.ActiveCfg = Debug|Any CPU
		{A010D389-81AF-47A9-9E89-BFCFC0C9A09C}.Debug|Any CPU.Build.0 = Debug|Any CPU
		{A010D389-81AF-47A9-9E89-BFCFC0C9A09C}.Debug|x64.ActiveCfg = Debug|Any CPU
		{A010D389-81AF-47A9-9E89-BFCFC0C9A09C}.Debug|x64.Build.0 = Debug|Any CPU
		{A010D389-81AF-47A9-9E89-BFCFC0C9A09C}.Debug|x86.ActiveCfg = Debug|Any CPU
		{A010D389-81AF-47A9-9E89-BFCFC0C9A09C}.Debug|x86.Build.0 = Debug|Any CPU
		{A010D389-81AF-47A9-9E89-BFCFC0C9A09C}.Release|Any CPU.ActiveCfg = Release|Any CPU
		{A010D389-81AF-47A9-9E89-BFCFC0C9A09C}.Release|Any CPU.Build.0 = Release|Any CPU
		{A010D389-81AF-47A9-9E89-BFCFC0C9A09C}.Release|x64.ActiveCfg = Release|Any CPU
		{A010D389-81AF-47A9-9E89-BFCFC0C9A09C}.Release|x64.Build.0 = Release|Any CPU
		{A010D389-81AF-47A9-9E89-BFCFC0C9A09C}.Release|x86.ActiveCfg = Release|Any CPU
		{A010D389-81AF-47A9-9E89-BFCFC0C9A09C}.Release|x86.Build.0 = Release|Any CPU
		{CC5D69B9-AE88-4955-8715-46DDD9385EC5}.Debug|Any CPU.ActiveCfg = Debug|Any CPU
		{CC5D69B9-AE88-4955-8715-46DDD9385EC5}.Debug|Any CPU.Build.0 = Debug|Any CPU
		{CC5D69B9-AE88-4955-8715-46DDD9385EC5}.Debug|x64.ActiveCfg = Debug|Any CPU
		{CC5D69B9-AE88-4955-8715-46DDD9385EC5}.Debug|x64.Build.0 = Debug|Any CPU
		{CC5D69B9-AE88-4955-8715-46DDD9385EC5}.Debug|x86.ActiveCfg = Debug|Any CPU
		{CC5D69B9-AE88-4955-8715-46DDD9385EC5}.Debug|x86.Build.0 = Debug|Any CPU
		{CC5D69B9-AE88-4955-8715-46DDD9385EC5}.Release|Any CPU.ActiveCfg = Release|Any CPU
		{CC5D69B9-AE88-4955-8715-46DDD9385EC5}.Release|Any CPU.Build.0 = Release|Any CPU
		{CC5D69B9-AE88-4955-8715-46DDD9385EC5}.Release|x64.ActiveCfg = Release|Any CPU
		{CC5D69B9-AE88-4955-8715-46DDD9385EC5}.Release|x64.Build.0 = Release|Any CPU
		{CC5D69B9-AE88-4955-8715-46DDD9385EC5}.Release|x86.ActiveCfg = Release|Any CPU
		{CC5D69B9-AE88-4955-8715-46DDD9385EC5}.Release|x86.Build.0 = Release|Any CPU
		{05AFB9D3-2CBD-4B62-B3AD-5C0450E282E4}.Debug|Any CPU.ActiveCfg = Debug|x86
		{05AFB9D3-2CBD-4B62-B3AD-5C0450E282E4}.Debug|x64.ActiveCfg = Debug|x86
		{05AFB9D3-2CBD-4B62-B3AD-5C0450E282E4}.Debug|x64.Build.0 = Debug|x86
		{05AFB9D3-2CBD-4B62-B3AD-5C0450E282E4}.Debug|x86.ActiveCfg = Debug|x86
		{05AFB9D3-2CBD-4B62-B3AD-5C0450E282E4}.Debug|x86.Build.0 = Debug|x86
		{05AFB9D3-2CBD-4B62-B3AD-5C0450E282E4}.Release|Any CPU.ActiveCfg = Release|x86
		{05AFB9D3-2CBD-4B62-B3AD-5C0450E282E4}.Release|x64.ActiveCfg = Release|x86
		{05AFB9D3-2CBD-4B62-B3AD-5C0450E282E4}.Release|x86.ActiveCfg = Release|x86
		{05AFB9D3-2CBD-4B62-B3AD-5C0450E282E4}.Release|x86.Build.0 = Release|x86
		{DC4C99D8-12F1-49A7-BE4C-7F07E5A3EB4F}.Debug|Any CPU.ActiveCfg = Debug|Any CPU
		{DC4C99D8-12F1-49A7-BE4C-7F07E5A3EB4F}.Debug|Any CPU.Build.0 = Debug|Any CPU
		{DC4C99D8-12F1-49A7-BE4C-7F07E5A3EB4F}.Debug|x64.ActiveCfg = Debug|Any CPU
		{DC4C99D8-12F1-49A7-BE4C-7F07E5A3EB4F}.Debug|x64.Build.0 = Debug|Any CPU
		{DC4C99D8-12F1-49A7-BE4C-7F07E5A3EB4F}.Debug|x86.ActiveCfg = Debug|Any CPU
		{DC4C99D8-12F1-49A7-BE4C-7F07E5A3EB4F}.Debug|x86.Build.0 = Debug|Any CPU
		{DC4C99D8-12F1-49A7-BE4C-7F07E5A3EB4F}.Release|Any CPU.ActiveCfg = Release|Any CPU
		{DC4C99D8-12F1-49A7-BE4C-7F07E5A3EB4F}.Release|Any CPU.Build.0 = Release|Any CPU
		{DC4C99D8-12F1-49A7-BE4C-7F07E5A3EB4F}.Release|x64.ActiveCfg = Release|Any CPU
		{DC4C99D8-12F1-49A7-BE4C-7F07E5A3EB4F}.Release|x64.Build.0 = Release|Any CPU
		{DC4C99D8-12F1-49A7-BE4C-7F07E5A3EB4F}.Release|x86.ActiveCfg = Release|Any CPU
		{DC4C99D8-12F1-49A7-BE4C-7F07E5A3EB4F}.Release|x86.Build.0 = Release|Any CPU
		{56BAD39F-9DA2-49D0-BC55-B9A945047708}.Debug|Any CPU.ActiveCfg = Debug|Any CPU
		{56BAD39F-9DA2-49D0-BC55-B9A945047708}.Debug|Any CPU.Build.0 = Debug|Any CPU
		{56BAD39F-9DA2-49D0-BC55-B9A945047708}.Debug|x64.ActiveCfg = Debug|Any CPU
		{56BAD39F-9DA2-49D0-BC55-B9A945047708}.Debug|x64.Build.0 = Debug|Any CPU
		{56BAD39F-9DA2-49D0-BC55-B9A945047708}.Debug|x86.ActiveCfg = Debug|Any CPU
		{56BAD39F-9DA2-49D0-BC55-B9A945047708}.Debug|x86.Build.0 = Debug|Any CPU
		{56BAD39F-9DA2-49D0-BC55-B9A945047708}.Release|Any CPU.ActiveCfg = Release|Any CPU
		{56BAD39F-9DA2-49D0-BC55-B9A945047708}.Release|Any CPU.Build.0 = Release|Any CPU
		{56BAD39F-9DA2-49D0-BC55-B9A945047708}.Release|x64.ActiveCfg = Release|Any CPU
		{56BAD39F-9DA2-49D0-BC55-B9A945047708}.Release|x64.Build.0 = Release|Any CPU
		{56BAD39F-9DA2-49D0-BC55-B9A945047708}.Release|x86.ActiveCfg = Release|Any CPU
		{56BAD39F-9DA2-49D0-BC55-B9A945047708}.Release|x86.Build.0 = Release|Any CPU
	EndGlobalSection
	GlobalSection(SolutionProperties) = preSolution
		HideSolutionNode = FALSE
	EndGlobalSection
	GlobalSection(ExtensibilityGlobals) = postSolution
		SolutionGuid = {7D720FCC-FBB6-4F72-8D93-DC3B3B362F3A}
	EndGlobalSection
EndGlobal
